
Microsoft Visual Studio Solution File, Format Version 12.00
# Visual Studio 2015
Project("{FAE04EC0-301F-11D3-BF4B-00C04F79EFBC}") = "Parallel_MobileApp.CSharp.Plugins", "Parallel_MobileApp.CSharp.Plugins.csproj", "{B0E8E691-CB95-4DC2-8CA8-7B7BD41E2798}"
EndProject
Project("{FAE04EC0-301F-11D3-BF4B-00C04F79EFBC}") = "Parallel_MobileApp.CSharp", "Parallel_MobileApp.CSharp.csproj", "{4AB21B54-0847-9463-C7A9-1B9921F7701C}"
EndProject
Project("{FAE04EC0-301F-11D3-BF4B-00C04F79EFBC}") = "Parallel_MobileApp.CSharp.Editor", "Parallel_MobileApp.CSharp.Editor.csproj", "{643D4D86-6BE4-AE3B-8131-DDDEFAD9B0D2}"
EndProject
Global
	GlobalSection(SolutionConfigurationPlatforms) = preSolution
		Debug|Any CPU = Debug|Any CPU
		Release|Any CPU = Release|Any CPU
	EndGlobalSection
	GlobalSection(ProjectConfigurationPlatforms) = postSolution
		{B0E8E691-CB95-4DC2-8CA8-7B7BD41E2798}.Debug|Any CPU.ActiveCfg = Debug|Any CPU
		{B0E8E691-CB95-4DC2-8CA8-7B7BD41E2798}.Debug|Any CPU.Build.0 = Debug|Any CPU
		{B0E8E691-CB95-4DC2-8CA8-7B7BD41E2798}.Release|Any CPU.ActiveCfg = Release|Any CPU
		{B0E8E691-CB95-4DC2-8CA8-7B7BD41E2798}.Release|Any CPU.Build.0 = Release|Any CPU
		{4AB21B54-0847-9463-C7A9-1B9921F7701C}.Debug|Any CPU.ActiveCfg = Debug|Any CPU
		{4AB21B54-0847-9463-C7A9-1B9921F7701C}.Debug|Any CPU.Build.0 = Debug|Any CPU
		{4AB21B54-0847-9463-C7A9-1B9921F7701C}.Release|Any CPU.ActiveCfg = Release|Any CPU
		{4AB21B54-0847-9463-C7A9-1B9921F7701C}.Release|Any CPU.Build.0 = Release|Any CPU
		{643D4D86-6BE4-AE3B-8131-DDDEFAD9B0D2}.Debug|Any CPU.ActiveCfg = Debug|Any CPU
		{643D4D86-6BE4-AE3B-8131-DDDEFAD9B0D2}.Debug|Any CPU.Build.0 = Debug|Any CPU
		{643D4D86-6BE4-AE3B-8131-DDDEFAD9B0D2}.Release|Any CPU.ActiveCfg = Release|Any CPU
		{643D4D86-6BE4-AE3B-8131-DDDEFAD9B0D2}.Release|Any CPU.Build.0 = Release|Any CPU
	EndGlobalSection
	GlobalSection(SolutionProperties) = preSolution
		HideSolutionNode = FALSE
	EndGlobalSection
EndGlobal
